
Microsoft Visual Studio Solution File, Format Version 12.00
# Visual Studio Version 17
VisualStudioVersion = 17.5.002.0
MinimumVisualStudioVersion = 10.0.40219.1
Project("{9A19103F-16F7-4668-BE54-9A1E7A4F7556}") = "terceraPractica", "terceraPractica.csproj", "{C8F78AC1-A732-4462-BFED-BDC96D8EF3FB}"
EndProject
Global
	GlobalSection(SolutionConfigurationPlatforms) = preSolution
		Debug|Any CPU = Debug|Any CPU
		Release|Any CPU = Release|Any CPU
	EndGlobalSection
	GlobalSection(ProjectConfigurationPlatforms) = postSolution
		{C8F78AC1-A732-4462-BFED-BDC96D8EF3FB}.Debug|Any CPU.ActiveCfg = Debug|Any CPU
		{C8F78AC1-A732-4462-BFED-BDC96D8EF3FB}.Debug|Any CPU.Build.0 = Debug|Any CPU
		{C8F78AC1-A732-4462-BFED-BDC96D8EF3FB}.Release|Any CPU.ActiveCfg = Release|Any CPU
		{C8F78AC1-A732-4462-BFED-BDC96D8EF3FB}.Release|Any CPU.Build.0 = Release|Any CPU
	EndGlobalSection
	GlobalSection(SolutionProperties) = preSolution
		HideSolutionNode = FALSE
	EndGlobalSection
	GlobalSection(ExtensibilityGlobals) = postSolution
		SolutionGuid = {6BEAA2D3-ACDC-4B12-A777-4CC2E42752FB}
	EndGlobalSection
EndGlobal
